
Microsoft Visual Studio Solution File, Format Version 12.00
# Visual Studio Version 17
VisualStudioVersion = 17.2.32630.192
MinimumVisualStudioVersion = 10.0.40219.1
Project("{9A19103F-16F7-4668-BE54-9A1E7A4F7556}") = "Server.BFF", "Server.BFF\Server.BFF.csproj", "{3F8BD6CF-484B-4F06-9200-FF3F54ADBA60}"
EndProject
Project("{9A19103F-16F7-4668-BE54-9A1E7A4F7556}") = "Server.DAL.Database", "Server.DAL.Database\Server.DAL.Database.csproj", "{5CD96425-0614-486D-9F0F-00482CE0AB3F}"
EndProject
Project("{9A19103F-16F7-4668-BE54-9A1E7A4F7556}") = "Server.DAL.Logic", "Server.DAL.Logic\Server.DAL.Logic.csproj", "{2407E2AA-8C93-494A-978F-123B5B2D913C}"
EndProject
Project("{D954291E-2A0B-460D-934E-DC6B0785DB48}") = "UnfrozenProject.Packages", "..\UnfrozenProject.Unity\Assets\Scripts\UnfrozenProject.Packages\UnfrozenProject.Packages.shproj", "{BCBF61AE-A214-422D-BFDE-F971E15D88A8}"
EndProject
Global
	GlobalSection(SolutionConfigurationPlatforms) = preSolution
		Debug|Any CPU = Debug|Any CPU
		Release|Any CPU = Release|Any CPU
	EndGlobalSection
	GlobalSection(ProjectConfigurationPlatforms) = postSolution
		{3F8BD6CF-484B-4F06-9200-FF3F54ADBA60}.Debug|Any CPU.ActiveCfg = Debug|Any CPU
		{3F8BD6CF-484B-4F06-9200-FF3F54ADBA60}.Debug|Any CPU.Build.0 = Debug|Any CPU
		{3F8BD6CF-484B-4F06-9200-FF3F54ADBA60}.Release|Any CPU.ActiveCfg = Release|Any CPU
		{3F8BD6CF-484B-4F06-9200-FF3F54ADBA60}.Release|Any CPU.Build.0 = Release|Any CPU
		{5CD96425-0614-486D-9F0F-00482CE0AB3F}.Debug|Any CPU.ActiveCfg = Debug|Any CPU
		{5CD96425-0614-486D-9F0F-00482CE0AB3F}.Debug|Any CPU.Build.0 = Debug|Any CPU
		{5CD96425-0614-486D-9F0F-00482CE0AB3F}.Release|Any CPU.ActiveCfg = Release|Any CPU
		{5CD96425-0614-486D-9F0F-00482CE0AB3F}.Release|Any CPU.Build.0 = Release|Any CPU
		{2407E2AA-8C93-494A-978F-123B5B2D913C}.Debug|Any CPU.ActiveCfg = Debug|Any CPU
		{2407E2AA-8C93-494A-978F-123B5B2D913C}.Debug|Any CPU.Build.0 = Debug|Any CPU
		{2407E2AA-8C93-494A-978F-123B5B2D913C}.Release|Any CPU.ActiveCfg = Release|Any CPU
		{2407E2AA-8C93-494A-978F-123B5B2D913C}.Release|Any CPU.Build.0 = Release|Any CPU
	EndGlobalSection
	GlobalSection(SolutionProperties) = preSolution
		HideSolutionNode = FALSE
	EndGlobalSection
	GlobalSection(ExtensibilityGlobals) = postSolution
		SolutionGuid = {C24EB4AB-B417-47B1-83C6-6A74094D5317}
	EndGlobalSection
	GlobalSection(SharedMSBuildProjectFiles) = preSolution
		..\UnfrozenProject.Unity\Assets\Scripts\UnfrozenProject.Packages\UnfrozenProject.Packages.projitems*{bcbf61ae-a214-422d-bfde-f971e15d88a8}*SharedItemsImports = 13
	EndGlobalSection
EndGlobal
